PODS:
  - Alamofire (4.7.2)
  - Balblair (1.2.0):
    - Balblair/Core (= 1.2.0)
    - Balblair/ObjectMapper (= 1.2.0)
    - Balblair/Rx (= 1.2.0)
  - Balblair/Core (1.2.0):
    - Alamofire (>= 4.0)
  - Balblair/ObjectMapper (1.2.0):
    - Balblair/Core
    - ObjectMapper (>= 2.0)
  - Balblair/Rx (1.2.0):
    - Balblair/Core
    - Balblair/ObjectMapper
    - RxSwift (>= 3.0)
  - ObjectMapper (3.1.0)
  - RxSwift (4.1.2)

DEPENDENCIES:
  - Balblair (from `../`)

SPEC REPOS:
  https://github.com/CocoaPods/Specs.git:
    - Alamofire
    - ObjectMapper
    - RxSwift

EXTERNAL SOURCES:
  Balblair:
    :path: "../"

SPEC CHECKSUMS:
  Alamofire: e4fa87002c137ba2d8d634d2c51fabcda0d5c223
  Balblair: fe7405523170758f9b5e7c7ee597688f7d693621
  ObjectMapper: 20505058f54e5c3ca69e1d6de9897d152a5369a6
  RxSwift: e49536837d9901277638493ea537394d4b55f570

PODFILE CHECKSUM: 7cbe86b7de9558f5b720612dcd24d424f51ad4fc

COCOAPODS: 1.5.0
